// !$*UTF8*$!
{
	archiveVersion = 1;
	classes = {
	};
	objectVersion = 46;
	objects = {

/* Begin PBXBuildFile section */
		4608D2A615D8B731005CEA6D /* details.png in Resources */ = {isa = PBXBuildFile; fileRef = 4608D2A515D8B731005CEA6D /* details.png */; };
		46186F6F15D78D3200A1E1A2 /* character.png in Resources */ = {isa = PBXBuildFile; fileRef = 46186F6E15D78D3200A1E1A2 /* character.png */; };
		46186F7415D78F6600A1E1A2 /* record_down.png in Resources */ = {isa = PBXBuildFile; fileRef = 46186F7215D78F6600A1E1A2 /* record_down.png */; };
		46186F7615D792B900A1E1A2 /* record_up.png in Resources */ = {isa = PBXBuildFile; fileRef = 46186F7515D792B900A1E1A2 /* record_up.png */; };
		4633559315B6D820001AE6CD /* Shader.fsh in Resources */ = {isa = PBXBuildFile; fileRef = 4625EA1E15B6D55100316216 /* Shader.fsh */; };
		4633559415B6D820001AE6CD /* Shader.vsh in Resources */ = {isa = PBXBuildFile; fileRef = 4625EA2115B6D56900316216 /* Shader.vsh */; };
		4649EE89160D5D9F00FAE620 /* pen_fountain.png in Resources */ = {isa = PBXBuildFile; fileRef = 4649EE85160D5D9F00FAE620 /* pen_fountain.png */; };
		4649EE8A160D5D9F00FAE620 /* pen_thin.png in Resources */ = {isa = PBXBuildFile; fileRef = 4649EE86160D5D9F00FAE620 /* pen_thin.png */; };
		4649EE8B160D5D9F00FAE620 /* pen_medium.png in Resources */ = {isa = PBXBuildFile; fileRef = 4649EE87160D5D9F00FAE620 /* pen_medium.png */; };
		4649EE8C160D5D9F00FAE620 /* pen_thick.png in Resources */ = {isa = PBXBuildFile; fileRef = 4649EE88160D5D9F00FAE620 /* pen_thick.png */; };
		4649EE90160D5FDB00FAE620 /* PSPenColorViewController.m in Sources */ = {isa = PBXBuildFile; fileRef = 4649EE8F160D5FDB00FAE620 /* PSPenColorViewController.m */; };
		4649EE94160D819300FAE620 /* pen.png in Resources */ = {isa = PBXBuildFile; fileRef = 4649EE93160D819300FAE620 /* pen.png */; };
		4649EE96160D88A600FAE620 /* more.png in Resources */ = {isa = PBXBuildFile; fileRef = 4649EE95160D88A600FAE620 /* more.png */; };
		4649EE98160D935300FAE620 /* eraser.png in Resources */ = {isa = PBXBuildFile; fileRef = 4649EE97160D935300FAE620 /* eraser.png */; };
		464A4F3D15DCAFD4008A59DF /* PSMotionPathView.m in Sources */ = {isa = PBXBuildFile; fileRef = 464A4F3C15DCAFD4008A59DF /* PSMotionPathView.m */; };
		464AF3861611600C009090D0 /* PSRecordingSession.m in Sources */ = {isa = PBXBuildFile; fileRef = 464AF3851611600C009090D0 /* PSRecordingSession.m */; };
		4673A46A15B6A9100053FDF0 /* PSHelpers.m in Sources */ = {isa = PBXBuildFile; fileRef = 4673A46915B6A9100053FDF0 /* PSHelpers.m */; };
		467BF45D15DB963D002321A7 /* PSVideoExportControllerViewController.m in Sources */ = {isa = PBXBuildFile; fileRef = 467BF45C15DB963D002321A7 /* PSVideoExportControllerViewController.m */; };
		467E4E4215B4235700F70C1E /* PSSelectionHelper.m in Sources */ = {isa = PBXBuildFile; fileRef = 467E4E4115B4235700F70C1E /* PSSelectionHelper.m */; };
		468E2A2D15C61C0600AA20D2 /* PSGroupOverlayButtons.m in Sources */ = {isa = PBXBuildFile; fileRef = 468E2A2C15C61C0600AA20D2 /* PSGroupOverlayButtons.m */; };
		4692B9DA15E6529C00157F5F /* Delete.png in Resources */ = {isa = PBXBuildFile; fileRef = 4692B9D915E6529C00157F5F /* Delete.png */; };
		46973BE815C103170092D236 /* PSTimelineSlider.m in Sources */ = {isa = PBXBuildFile; fileRef = 46973BE715C103170092D236 /* PSTimelineSlider.m */; };
		469E009A15C2437500EE7EC9 /* lasso.png in Resources */ = {isa = PBXBuildFile; fileRef = 469E009915C2437500EE7EC9 /* lasso.png */; };
		46BAC13415B52741007C288E /* PSSRTManipulator.m in Sources */ = {isa = PBXBuildFile; fileRef = 46BAC13315B52741007C288E /* PSSRTManipulator.m */; };
		46BF25AC15B0266A00834681 /* SketchInterface.storyboard in Resources */ = {isa = PBXBuildFile; fileRef = 46BF25AB15B0266A00834681 /* SketchInterface.storyboard */; };
		46BF25AF15B02B5C00834681 /* PSAnimationRenderingController.m in Sources */ = {isa = PBXBuildFile; fileRef = 46BF25AE15B02B5C00834681 /* PSAnimationRenderingController.m */; };
		46BF25B115B02B8700834681 /* GLKit.framework in Frameworks */ = {isa = PBXBuildFile; fileRef = 46BF25B015B02B8700834681 /* GLKit.framework */; };
		46BF25B815B0302A00834681 /* OpenGLES.framework in Frameworks */ = {isa = PBXBuildFile; fileRef = 46BF25B715B0302A00834681 /* OpenGLES.framework */; };
		46BF25C815B1215A00834681 /* PSDrawingLine.m in Sources */ = {isa = PBXBuildFile; fileRef = 46BF25C715B1215A00834681 /* PSDrawingLine.m */; };
		46BF25CD15B140D500834681 /* PSDrawingEventsView.m in Sources */ = {isa = PBXBuildFile; fileRef = 46BF25CC15B140D500834681 /* PSDrawingEventsView.m */; };
		46BF25D015B1503B00834681 /* PSSceneViewController.m in Sources */ = {isa = PBXBuildFile; fileRef = 46BF25CF15B1503B00834681 /* PSSceneViewController.m */; };
		46BF25D615B16A8600834681 /* PSDrawingGroup.m in Sources */ = {isa = PBXBuildFile; fileRef = 46BF25D515B16A8600834681 /* PSDrawingGroup.m */; };
		46C9AD1315B29BC500EF3A92 /* PSDocumentListController.m in Sources */ = {isa = PBXBuildFile; fileRef = 46C9AD1215B29BC500EF3A92 /* PSDocumentListController.m */; };
		46C9AD1615B29D1E00EF3A92 /* PSDataModel.m in Sources */ = {isa = PBXBuildFile; fileRef = 46C9AD1515B29D1E00EF3A92 /* PSDataModel.m */; };
		46C9AD1815B2ABD400EF3A92 /* QuartzCore.framework in Frameworks */ = {isa = PBXBuildFile; fileRef = 46C9AD1715B2ABD300EF3A92 /* QuartzCore.framework */; };
		46C9AD1B15B2B67800EF3A92 /* PSDrawingDocument.m in Sources */ = {isa = PBXBuildFile; fileRef = 46C9AD1A15B2B67800EF3A92 /* PSDrawingDocument.m */; };
		46CF79031612D8EA00A287B9 /* PSKeyframeView.m in Sources */ = {isa = PBXBuildFile; fileRef = 46CF79021612D8E900A287B9 /* PSKeyframeView.m */; };
		46CF79131612FD5500A287B9 /* slider@2x.png in Resources */ = {isa = PBXBuildFile; fileRef = 46CF79121612FD5500A287B9 /* slider@2x.png */; };
		46CF79151612FD6900A287B9 /* slider.png in Resources */ = {isa = PBXBuildFile; fileRef = 46CF79141612FD6900A287B9 /* slider.png */; };
		46DB9591161018D600CCC5C2 /* new_drawing.png in Resources */ = {isa = PBXBuildFile; fileRef = 46DB9590161018D600CCC5C2 /* new_drawing.png */; };
		46DB959516101B4600CCC5C2 /* main_gradient.png in Resources */ = {isa = PBXBuildFile; fileRef = 46DB959416101B4600CCC5C2 /* main_gradient.png */; };
		46EAA0861610730B009D73DD /* group.png in Resources */ = {isa = PBXBuildFile; fileRef = 46EAA0841610730B009D73DD /* group.png */; };
		46EAA0871610730B009D73DD /* ungroup.png in Resources */ = {isa = PBXBuildFile; fileRef = 46EAA0851610730B009D73DD /* ungroup.png */; };
		46F1735215DB7AEE00F787AC /* PSGLKitVideoExporter.m in Sources */ = {isa = PBXBuildFile; fileRef = 46F1735115DB7AEE00F787AC /* PSGLKitVideoExporter.m */; };
		46F1735515DB7C8E00F787AC /* AVFoundation.framework in Frameworks */ = {isa = PBXBuildFile; fileRef = 46F1735415DB7C8E00F787AC /* AVFoundation.framework */; };
		46F1735715DB836A00F787AC /* CoreVideo.framework in Frameworks */ = {isa = PBXBuildFile; fileRef = 46F1735615DB836A00F787AC /* CoreVideo.framework */; };
		46F1735915DB83C900F787AC /* CoreMedia.framework in Frameworks */ = {isa = PBXBuildFile; fileRef = 46F1735815DB83C900F787AC /* CoreMedia.framework */; };
		46F7A63915B014E700C7B374 /* UIKit.framework in Frameworks */ = {isa = PBXBuildFile; fileRef = 46F7A63815B014E700C7B374 /* UIKit.framework */; };
		46F7A63B15B014E700C7B374 /* Foundation.framework in Frameworks */ = {isa = PBXBuildFile; fileRef = 46F7A63A15B014E700C7B374 /* Foundation.framework */; };
		46F7A63D15B014E700C7B374 /* CoreGraphics.framework in Frameworks */ = {isa = PBXBuildFile; fileRef = 46F7A63C15B014E700C7B374 /* CoreGraphics.framework */; };
		46F7A63F15B014E700C7B374 /* CoreData.framework in Frameworks */ = {isa = PBXBuildFile; fileRef = 46F7A63E15B014E700C7B374 /* CoreData.framework */; };
		46F7A64515B014E700C7B374 /* InfoPlist.strings in Resources */ = {isa = PBXBuildFile; fileRef = 46F7A64315B014E700C7B374 /* InfoPlist.strings */; };
		46F7A64715B014E700C7B374 /* main.m in Sources */ = {isa = PBXBuildFile; fileRef = 46F7A64615B014E700C7B374 /* main.m */; };
		46F7A64B15B014E700C7B374 /* PSAppDelegate.m in Sources */ = {isa = PBXBuildFile; fileRef = 46F7A64A15B014E700C7B374 /* PSAppDelegate.m */; };
		46F7A64E15B014E700C7B374 /* PlaySketch.xcdatamodeld in Sources */ = {isa = PBXBuildFile; fileRef = 46F7A64C15B014E700C7B374 /* PlaySketch.xcdatamodeld */; };
		46F7A65615B014E700C7B374 /* SenTestingKit.framework in Frameworks */ = {isa = PBXBuildFile; fileRef = 46F7A65515B014E700C7B374 /* SenTestingKit.framework */; };
		46F7A65715B014E700C7B374 /* UIKit.framework in Frameworks */ = {isa = PBXBuildFile; fileRef = 46F7A63815B014E700C7B374 /* UIKit.framework */; };
		46F7A65815B014E700C7B374 /* Foundation.framework in Frameworks */ = {isa = PBXBuildFile; fileRef = 46F7A63A15B014E700C7B374 /* Foundation.framework */; };
		46F7A65915B014E700C7B374 /* CoreData.framework in Frameworks */ = {isa = PBXBuildFile; fileRef = 46F7A63E15B014E700C7B374 /* CoreData.framework */; };
		46F7A66115B014E700C7B374 /* InfoPlist.strings in Resources */ = {isa = PBXBuildFile; fileRef = 46F7A65F15B014E700C7B374 /* InfoPlist.strings */; };
		46F7A66415B014E700C7B374 /* PlaySketchTests.m in Sources */ = {isa = PBXBuildFile; fileRef = 46F7A66315B014E700C7B374 /* PlaySketchTests.m */; };
		46F7A67315B0188600C7B374 /* Pending work.txt in Resources */ = {isa = PBXBuildFile; fileRef = 46F7A67215B0188600C7B374 /* Pending work.txt */; };
/* End PBXBuildFile section */

/* Begin PBXContainerItemProxy section */
		46F7A65A15B014E700C7B374 /* PBXContainerItemProxy */ = {
			isa = PBXContainerItemProxy;
			containerPortal = 46F7A62B15B014E600C7B374 /* Project object */;
			proxyType = 1;
			remoteGlobalIDString = 46F7A63315B014E700C7B374;
			remoteInfo = PlaySketch;
		};
/* End PBXContainerItemProxy section */

/* Begin PBXFileReference section */
		4608D2A515D8B731005CEA6D /* details.png */ = {isa = PBXFileReference; lastKnownFileType = image.png; path = details.png; sourceTree = "<group>"; };
		46186F6E15D78D3200A1E1A2 /* character.png */ = {isa = PBXFileReference; lastKnownFileType = image.png; path = character.png; sourceTree = "<group>"; };
		46186F7215D78F6600A1E1A2 /* record_down.png */ = {isa = PBXFileReference; lastKnownFileType = image.png; path = record_down.png; sourceTree = "<group>"; };
		46186F7515D792B900A1E1A2 /* record_up.png */ = {isa = PBXFileReference; lastKnownFileType = image.png; path = record_up.png; sourceTree = "<group>"; };
		4625EA1E15B6D55100316216 /* Shader.fsh */ = {isa = PBXFileReference; fileEncoding = 4; lastKnownFileType = sourcecode.glsl; path = Shader.fsh; sourceTree = "<group>"; };
		4625EA2115B6D56900316216 /* Shader.vsh */ = {isa = PBXFileReference; fileEncoding = 4; lastKnownFileType = sourcecode.glsl; path = Shader.vsh; sourceTree = "<group>"; };
		4634AD1015B80730009A6E95 /* Brush.png */ = {isa = PBXFileReference; lastKnownFileType = image.png; path = Brush.png; sourceTree = "<group>"; };
		4649EE85160D5D9F00FAE620 /* pen_fountain.png */ = {isa = PBXFileReference; lastKnownFileType = image.png; path = pen_fountain.png; sourceTree = "<group>"; };
		4649EE86160D5D9F00FAE620 /* pen_thin.png */ = {isa = PBXFileReference; lastKnownFileType = image.png; path = pen_thin.png; sourceTree = "<group>"; };
		4649EE87160D5D9F00FAE620 /* pen_medium.png */ = {isa = PBXFileReference; lastKnownFileType = image.png; path = pen_medium.png; sourceTree = "<group>"; };
		4649EE88160D5D9F00FAE620 /* pen_thick.png */ = {isa = PBXFileReference; lastKnownFileType = image.png; path = pen_thick.png; sourceTree = "<group>"; };
		4649EE8E160D5FDB00FAE620 /* PSPenColorViewController.h */ = {isa = PBXFileReference; fileEncoding = 4; lastKnownFileType = sourcecode.c.h; name = PSPenColorViewController.h; path = PlaySketch/PSPenColorViewController.h; sourceTree = "<group>"; };
		4649EE8F160D5FDB00FAE620 /* PSPenColorViewController.m */ = {isa = PBXFileReference; fileEncoding = 4; lastKnownFileType = sourcecode.c.objc; name = PSPenColorViewController.m; path = PlaySketch/PSPenColorViewController.m; sourceTree = "<group>"; };
		4649EE93160D819300FAE620 /* pen.png */ = {isa = PBXFileReference; lastKnownFileType = image.png; path = pen.png; sourceTree = "<group>"; };
		4649EE95160D88A600FAE620 /* more.png */ = {isa = PBXFileReference; lastKnownFileType = image.png; path = more.png; sourceTree = "<group>"; };
		4649EE97160D935300FAE620 /* eraser.png */ = {isa = PBXFileReference; lastKnownFileType = image.png; path = eraser.png; sourceTree = "<group>"; };
		464A4F3B15DCAFD4008A59DF /* PSMotionPathView.h */ = {isa = PBXFileReference; fileEncoding = 4; lastKnownFileType = sourcecode.c.h; name = PSMotionPathView.h; path = PlaySketch/PSMotionPathView.h; sourceTree = "<group>"; };
		464A4F3C15DCAFD4008A59DF /* PSMotionPathView.m */ = {isa = PBXFileReference; fileEncoding = 4; lastKnownFileType = sourcecode.c.objc; name = PSMotionPathView.m; path = PlaySketch/PSMotionPathView.m; sourceTree = "<group>"; };
		464AF3841611600C009090D0 /* PSRecordingSession.h */ = {isa = PBXFileReference; fileEncoding = 4; lastKnownFileType = sourcecode.c.h; path = PSRecordingSession.h; sourceTree = "<group>"; };
		464AF3851611600C009090D0 /* PSRecordingSession.m */ = {isa = PBXFileReference; fileEncoding = 4; lastKnownFileType = sourcecode.c.objc; path = PSRecordingSession.m; sourceTree = "<group>"; };
		4673A46815B6A9100053FDF0 /* PSHelpers.h */ = {isa = PBXFileReference; fileEncoding = 4; lastKnownFileType = sourcecode.c.h; path = PSHelpers.h; sourceTree = "<group>"; };
		4673A46915B6A9100053FDF0 /* PSHelpers.m */ = {isa = PBXFileReference; fileEncoding = 4; lastKnownFileType = sourcecode.c.objc; path = PSHelpers.m; sourceTree = "<group>"; };
		467BF45B15DB963D002321A7 /* PSVideoExportControllerViewController.h */ = {isa = PBXFileReference; fileEncoding = 4; lastKnownFileType = sourcecode.c.h; name = PSVideoExportControllerViewController.h; path = PlaySketch/PSVideoExportControllerViewController.h; sourceTree = "<group>"; };
		467BF45C15DB963D002321A7 /* PSVideoExportControllerViewController.m */ = {isa = PBXFileReference; fileEncoding = 4; lastKnownFileType = sourcecode.c.objc; name = PSVideoExportControllerViewController.m; path = PlaySketch/PSVideoExportControllerViewController.m; sourceTree = "<group>"; };
		467E4E4015B4235700F70C1E /* PSSelectionHelper.h */ = {isa = PBXFileReference; fileEncoding = 4; lastKnownFileType = sourcecode.c.h; path = PSSelectionHelper.h; sourceTree = "<group>"; };
		467E4E4115B4235700F70C1E /* PSSelectionHelper.m */ = {isa = PBXFileReference; fileEncoding = 4; lastKnownFileType = sourcecode.c.objc; path = PSSelectionHelper.m; sourceTree = "<group>"; };
		468E2A2B15C61C0600AA20D2 /* PSGroupOverlayButtons.h */ = {isa = PBXFileReference; fileEncoding = 4; lastKnownFileType = sourcecode.c.h; name = PSGroupOverlayButtons.h; path = PlaySketch/PSGroupOverlayButtons.h; sourceTree = "<group>"; };
		468E2A2C15C61C0600AA20D2 /* PSGroupOverlayButtons.m */ = {isa = PBXFileReference; fileEncoding = 4; lastKnownFileType = sourcecode.c.objc; name = PSGroupOverlayButtons.m; path = PlaySketch/PSGroupOverlayButtons.m; sourceTree = "<group>"; };
		4692B9D915E6529C00157F5F /* Delete.png */ = {isa = PBXFileReference; lastKnownFileType = image.png; path = Delete.png; sourceTree = "<group>"; };
		46973BE615C103170092D236 /* PSTimelineSlider.h */ = {isa = PBXFileReference; fileEncoding = 4; lastKnownFileType = sourcecode.c.h; name = PSTimelineSlider.h; path = PlaySketch/PSTimelineSlider.h; sourceTree = "<group>"; };
		46973BE715C103170092D236 /* PSTimelineSlider.m */ = {isa = PBXFileReference; fileEncoding = 4; lastKnownFileType = sourcecode.c.objc; name = PSTimelineSlider.m; path = PlaySketch/PSTimelineSlider.m; sourceTree = "<group>"; };
		469E009915C2437500EE7EC9 /* lasso.png */ = {isa = PBXFileReference; lastKnownFileType = image.png; path = lasso.png; sourceTree = "<group>"; };
		46BAC13215B52741007C288E /* PSSRTManipulator.h */ = {isa = PBXFileReference; fileEncoding = 4; lastKnownFileType = sourcecode.c.h; name = PSSRTManipulator.h; path = PlaySketch/PSSRTManipulator.h; sourceTree = "<group>"; };
		46BAC13315B52741007C288E /* PSSRTManipulator.m */ = {isa = PBXFileReference; fileEncoding = 4; lastKnownFileType = sourcecode.c.objc; name = PSSRTManipulator.m; path = PlaySketch/PSSRTManipulator.m; sourceTree = "<group>"; };
		46BF25AB15B0266A00834681 /* SketchInterface.storyboard */ = {isa = PBXFileReference; fileEncoding = 4; lastKnownFileType = file.storyboard; name = SketchInterface.storyboard; path = PlaySketch/SketchInterface.storyboard; sourceTree = "<group>"; };
		46BF25AD15B02B5C00834681 /* PSAnimationRenderingController.h */ = {isa = PBXFileReference; fileEncoding = 4; lastKnownFileType = sourcecode.c.h; name = PSAnimationRenderingController.h; path = PlaySketch/PSAnimationRenderingController.h; sourceTree = "<group>"; };
		46BF25AE15B02B5C00834681 /* PSAnimationRenderingController.m */ = {isa = PBXFileReference; fileEncoding = 4; lastKnownFileType = sourcecode.c.objc; name = PSAnimationRenderingController.m; path = PlaySketch/PSAnimationRenderingController.m; sourceTree = "<group>"; };
		46BF25B015B02B8700834681 /* GLKit.framework */ = {isa = PBXFileReference; lastKnownFileType = wrapper.framework; name = GLKit.framework; path = System/Library/Frameworks/GLKit.framework; sourceTree = SDKROOT; };
		46BF25B715B0302A00834681 /* OpenGLES.framework */ = {isa = PBXFileReference; lastKnownFileType = wrapper.framework; name = OpenGLES.framework; path = System/Library/Frameworks/OpenGLES.framework; sourceTree = SDKROOT; };
		46BF25C615B1215900834681 /* PSDrawingLine.h */ = {isa = PBXFileReference; fileEncoding = 4; lastKnownFileType = sourcecode.c.h; name = PSDrawingLine.h; path = PlaySketch/PSDrawingLine.h; sourceTree = "<group>"; };
		46BF25C715B1215A00834681 /* PSDrawingLine.m */ = {isa = PBXFileReference; fileEncoding = 4; lastKnownFileType = sourcecode.c.objc; name = PSDrawingLine.m; path = PlaySketch/PSDrawingLine.m; sourceTree = "<group>"; };
		46BF25CB15B140D500834681 /* PSDrawingEventsView.h */ = {isa = PBXFileReference; fileEncoding = 4; lastKnownFileType = sourcecode.c.h; name = PSDrawingEventsView.h; path = PlaySketch/PSDrawingEventsView.h; sourceTree = "<group>"; };
		46BF25CC15B140D500834681 /* PSDrawingEventsView.m */ = {isa = PBXFileReference; fileEncoding = 4; lastKnownFileType = sourcecode.c.objc; name = PSDrawingEventsView.m; path = PlaySketch/PSDrawingEventsView.m; sourceTree = "<group>"; };
		46BF25CE15B1503B00834681 /* PSSceneViewController.h */ = {isa = PBXFileReference; fileEncoding = 4; lastKnownFileType = sourcecode.c.h; name = PSSceneViewController.h; path = PlaySketch/PSSceneViewController.h; sourceTree = "<group>"; };
		46BF25CF15B1503B00834681 /* PSSceneViewController.m */ = {isa = PBXFileReference; fileEncoding = 4; lastKnownFileType = sourcecode.c.objc; name = PSSceneViewController.m; path = PlaySketch/PSSceneViewController.m; sourceTree = "<group>"; };
		46BF25D415B16A8600834681 /* PSDrawingGroup.h */ = {isa = PBXFileReference; fileEncoding = 4; lastKnownFileType = sourcecode.c.h; name = PSDrawingGroup.h; path = PlaySketch/PSDrawingGroup.h; sourceTree = "<group>"; };
		46BF25D515B16A8600834681 /* PSDrawingGroup.m */ = {isa = PBXFileReference; fileEncoding = 4; lastKnownFileType = sourcecode.c.objc; name = PSDrawingGroup.m; path = PlaySketch/PSDrawingGroup.m; sourceTree = "<group>"; };
		46BF25D715B16AB800834681 /* PSPrimitiveDataStructs.h */ = {isa = PBXFileReference; lastKnownFileType = sourcecode.c.h; name = PSPrimitiveDataStructs.h; path = PlaySketch/PSPrimitiveDataStructs.h; sourceTree = "<group>"; };
		46C9AD1115B29BC500EF3A92 /* PSDocumentListController.h */ = {isa = PBXFileReference; fileEncoding = 4; lastKnownFileType = sourcecode.c.h; name = PSDocumentListController.h; path = PlaySketch/PSDocumentListController.h; sourceTree = "<group>"; };
		46C9AD1215B29BC500EF3A92 /* PSDocumentListController.m */ = {isa = PBXFileReference; fileEncoding = 4; lastKnownFileType = sourcecode.c.objc; name = PSDocumentListController.m; path = PlaySketch/PSDocumentListController.m; sourceTree = "<group>"; };
		46C9AD1415B29D1E00EF3A92 /* PSDataModel.h */ = {isa = PBXFileReference; fileEncoding = 4; lastKnownFileType = sourcecode.c.h; name = PSDataModel.h; path = PlaySketch/PSDataModel.h; sourceTree = "<group>"; };
		46C9AD1515B29D1E00EF3A92 /* PSDataModel.m */ = {isa = PBXFileReference; fileEncoding = 4; lastKnownFileType = sourcecode.c.objc; name = PSDataModel.m; path = PlaySketch/PSDataModel.m; sourceTree = "<group>"; };
		46C9AD1715B2ABD300EF3A92 /* QuartzCore.framework */ = {isa = PBXFileReference; lastKnownFileType = wrapper.framework; name = QuartzCore.framework; path = System/Library/Frameworks/QuartzCore.framework; sourceTree = SDKROOT; };
		46C9AD1915B2B67700EF3A92 /* PSDrawingDocument.h */ = {isa = PBXFileReference; fileEncoding = 4; lastKnownFileType = sourcecode.c.h; name = PSDrawingDocument.h; path = PlaySketch/PSDrawingDocument.h; sourceTree = "<group>"; };
		46C9AD1A15B2B67800EF3A92 /* PSDrawingDocument.m */ = {isa = PBXFileReference; fileEncoding = 4; lastKnownFileType = sourcecode.c.objc; name = PSDrawingDocument.m; path = PlaySketch/PSDrawingDocument.m; sourceTree = "<group>"; };
		46CF79011612D8E900A287B9 /* PSKeyframeView.h */ = {isa = PBXFileReference; fileEncoding = 4; lastKnownFileType = sourcecode.c.h; name = PSKeyframeView.h; path = PlaySketch/PSKeyframeView.h; sourceTree = "<group>"; };
		46CF79021612D8E900A287B9 /* PSKeyframeView.m */ = {isa = PBXFileReference; fileEncoding = 4; lastKnownFileType = sourcecode.c.objc; name = PSKeyframeView.m; path = PlaySketch/PSKeyframeView.m; sourceTree = "<group>"; };
		46CF79121612FD5500A287B9 /* slider@2x.png */ = {isa = PBXFileReference; lastKnownFileType = image.png; path = "slider@2x.png"; sourceTree = "<group>"; };
		46CF79141612FD6900A287B9 /* slider.png */ = {isa = PBXFileReference; lastKnownFileType = image.png; path = slider.png; sourceTree = "<group>"; };
		46DB9590161018D600CCC5C2 /* new_drawing.png */ = {isa = PBXFileReference; lastKnownFileType = image.png; path = new_drawing.png; sourceTree = "<group>"; };
		46DB959416101B4600CCC5C2 /* main_gradient.png */ = {isa = PBXFileReference; lastKnownFileType = image.png; path = main_gradient.png; sourceTree = "<group>"; };
		46EAA0841610730B009D73DD /* group.png */ = {isa = PBXFileReference; lastKnownFileType = image.png; path = group.png; sourceTree = "<group>"; };
		46EAA0851610730B009D73DD /* ungroup.png */ = {isa = PBXFileReference; lastKnownFileType = image.png; path = ungroup.png; sourceTree = "<group>"; };
		46F1735015DB7AEE00F787AC /* PSGLKitVideoExporter.h */ = {isa = PBXFileReference; fileEncoding = 4; lastKnownFileType = sourcecode.c.h; path = PSGLKitVideoExporter.h; sourceTree = "<group>"; };
		46F1735115DB7AEE00F787AC /* PSGLKitVideoExporter.m */ = {isa = PBXFileReference; fileEncoding = 4; lastKnownFileType = sourcecode.c.objc; path = PSGLKitVideoExporter.m; sourceTree = "<group>"; };
		46F1735415DB7C8E00F787AC /* AVFoundation.framework */ = {isa = PBXFileReference; lastKnownFileType = wrapper.framework; name = AVFoundation.framework; path = System/Library/Frameworks/AVFoundation.framework; sourceTree = SDKROOT; };
		46F1735615DB836A00F787AC /* CoreVideo.framework */ = {isa = PBXFileReference; lastKnownFileType = wrapper.framework; name = CoreVideo.framework; path = System/Library/Frameworks/CoreVideo.framework; sourceTree = SDKROOT; };
		46F1735815DB83C900F787AC /* CoreMedia.framework */ = {isa = PBXFileReference; lastKnownFileType = wrapper.framework; name = CoreMedia.framework; path = System/Library/Frameworks/CoreMedia.framework; sourceTree = SDKROOT; };
		46F7A63415B014E700C7B374 /* PlaySketch.app */ = {isa = PBXFileReference; explicitFileType = wrapper.application; includeInIndex = 0; path = PlaySketch.app; sourceTree = BUILT_PRODUCTS_DIR; };
		46F7A63815B014E700C7B374 /* UIKit.framework */ = {isa = PBXFileReference; lastKnownFileType = wrapper.framework; name = UIKit.framework; path = System/Library/Frameworks/UIKit.framework; sourceTree = SDKROOT; };
		46F7A63A15B014E700C7B374 /* Foundation.framework */ = {isa = PBXFileReference; lastKnownFileType = wrapper.framework; name = Foundation.framework; path = System/Library/Frameworks/Foundation.framework; sourceTree = SDKROOT; };
		46F7A63C15B014E700C7B374 /* CoreGraphics.framework */ = {isa = PBXFileReference; lastKnownFileType = wrapper.framework; name = CoreGraphics.framework; path = System/Library/Frameworks/CoreGraphics.framework; sourceTree = SDKROOT; };
		46F7A63E15B014E700C7B374 /* CoreData.framework */ = {isa = PBXFileReference; lastKnownFileType = wrapper.framework; name = CoreData.framework; path = System/Library/Frameworks/CoreData.framework; sourceTree = SDKROOT; };
		46F7A64215B014E700C7B374 /* PlaySketch-Info.plist */ = {isa = PBXFileReference; lastKnownFileType = text.plist.xml; path = "PlaySketch-Info.plist"; sourceTree = "<group>"; };
		46F7A64415B014E700C7B374 /* en */ = {isa = PBXFileReference; lastKnownFileType = text.plist.strings; name = en; path = en.lproj/InfoPlist.strings; sourceTree = "<group>"; };
		46F7A64615B014E700C7B374 /* main.m */ = {isa = PBXFileReference; lastKnownFileType = sourcecode.c.objc; path = main.m; sourceTree = "<group>"; };
		46F7A64815B014E700C7B374 /* PlaySketch-Prefix.pch */ = {isa = PBXFileReference; lastKnownFileType = sourcecode.c.h; path = "PlaySketch-Prefix.pch"; sourceTree = "<group>"; };
		46F7A64915B014E700C7B374 /* PSAppDelegate.h */ = {isa = PBXFileReference; lastKnownFileType = sourcecode.c.h; path = PSAppDelegate.h; sourceTree = "<group>"; };
		46F7A64A15B014E700C7B374 /* PSAppDelegate.m */ = {isa = PBXFileReference; lastKnownFileType = sourcecode.c.objc; path = PSAppDelegate.m; sourceTree = "<group>"; };
		46F7A64D15B014E700C7B374 /* PlaySketch.xcdatamodel */ = {isa = PBXFileReference; lastKnownFileType = wrapper.xcdatamodel; path = PlaySketch.xcdatamodel; sourceTree = "<group>"; };
		46F7A65415B014E700C7B374 /* PlaySketchTests.octest */ = {isa = PBXFileReference; explicitFileType = wrapper.cfbundle; includeInIndex = 0; path = PlaySketchTests.octest; sourceTree = BUILT_PRODUCTS_DIR; };
		46F7A65515B014E700C7B374 /* SenTestingKit.framework */ = {isa = PBXFileReference; lastKnownFileType = wrapper.framework; name = SenTestingKit.framework; path = Library/Frameworks/SenTestingKit.framework; sourceTree = DEVELOPER_DIR; };
		46F7A65E15B014E700C7B374 /* PlaySketchTests-Info.plist */ = {isa = PBXFileReference; lastKnownFileType = text.plist.xml; path = "PlaySketchTests-Info.plist"; sourceTree = "<group>"; };
		46F7A66015B014E700C7B374 /* en */ = {isa = PBXFileReference; lastKnownFileType = text.plist.strings; name = en; path = en.lproj/InfoPlist.strings; sourceTree = "<group>"; };
		46F7A66215B014E700C7B374 /* PlaySketchTests.h */ = {isa = PBXFileReference; lastKnownFileType = sourcecode.c.h; path = PlaySketchTests.h; sourceTree = "<group>"; };
		46F7A66315B014E700C7B374 /* PlaySketchTests.m */ = {isa = PBXFileReference; lastKnownFileType = sourcecode.c.objc; path = PlaySketchTests.m; sourceTree = "<group>"; };
		46F7A67215B0188600C7B374 /* Pending work.txt */ = {isa = PBXFileReference; fileEncoding = 4; lastKnownFileType = text; name = "Pending work.txt"; path = "../Pending work.txt"; sourceTree = "<group>"; };
/* End PBXFileReference section */

/* Begin PBXFrameworksBuildPhase section */
		46F7A63115B014E700C7B374 /* Frameworks */ = {
			isa = PBXFrameworksBuildPhase;
			buildActionMask = 2147483647;
			files = (
				46F1735915DB83C900F787AC /* CoreMedia.framework in Frameworks */,
				46F1735715DB836A00F787AC /* CoreVideo.framework in Frameworks */,
				46F1735515DB7C8E00F787AC /* AVFoundation.framework in Frameworks */,
				46C9AD1815B2ABD400EF3A92 /* QuartzCore.framework in Frameworks */,
				46BF25B815B0302A00834681 /* OpenGLES.framework in Frameworks */,
				46F7A63915B014E700C7B374 /* UIKit.framework in Frameworks */,
				46F7A63B15B014E700C7B374 /* Foundation.framework in Frameworks */,
				46F7A63D15B014E700C7B374 /* CoreGraphics.framework in Frameworks */,
				46F7A63F15B014E700C7B374 /* CoreData.framework in Frameworks */,
				46BF25B115B02B8700834681 /* GLKit.framework in Frameworks */,
			);
			runOnlyForDeploymentPostprocessing = 0;
		};
		46F7A65015B014E700C7B374 /* Frameworks */ = {
			isa = PBXFrameworksBuildPhase;
			buildActionMask = 2147483647;
			files = (
				46F7A65615B014E700C7B374 /* SenTestingKit.framework in Frameworks */,
				46F7A65715B014E700C7B374 /* UIKit.framework in Frameworks */,
				46F7A65815B014E700C7B374 /* Foundation.framework in Frameworks */,
				46F7A65915B014E700C7B374 /* CoreData.framework in Frameworks */,
			);
			runOnlyForDeploymentPostprocessing = 0;
		};
/* End PBXFrameworksBuildPhase section */

/* Begin PBXGroup section */
		463355E615B7AAA2001AE6CD /* Line Drawing */ = {
			isa = PBXGroup;
			children = (
				4634AD1015B80730009A6E95 /* Brush.png */,
				4625EA1E15B6D55100316216 /* Shader.fsh */,
				4625EA2115B6D56900316216 /* Shader.vsh */,
			);
			name = "Line Drawing";
			sourceTree = "<group>";
		};
		467E4E3E15B4232900F70C1E /* Helpers */ = {
			isa = PBXGroup;
			children = (
				46F7A64915B014E700C7B374 /* PSAppDelegate.h */,
				46F7A64A15B014E700C7B374 /* PSAppDelegate.m */,
				467E4E4015B4235700F70C1E /* PSSelectionHelper.h */,
				467E4E4115B4235700F70C1E /* PSSelectionHelper.m */,
				4673A46815B6A9100053FDF0 /* PSHelpers.h */,
				4673A46915B6A9100053FDF0 /* PSHelpers.m */,
				46F1735015DB7AEE00F787AC /* PSGLKitVideoExporter.h */,
				46F1735115DB7AEE00F787AC /* PSGLKitVideoExporter.m */,
				464AF3841611600C009090D0 /* PSRecordingSession.h */,
				464AF3851611600C009090D0 /* PSRecordingSession.m */,
			);
			name = Helpers;
			sourceTree = "<group>";
		};
		469E009C15C2438000EE7EC9 /* Images */ = {
			isa = PBXGroup;
			children = (
				4649EE85160D5D9F00FAE620 /* pen_fountain.png */,
				4649EE86160D5D9F00FAE620 /* pen_thin.png */,
				4649EE87160D5D9F00FAE620 /* pen_medium.png */,
				4649EE88160D5D9F00FAE620 /* pen_thick.png */,
				4649EE95160D88A600FAE620 /* more.png */,
				4649EE97160D935300FAE620 /* eraser.png */,
				4649EE93160D819300FAE620 /* pen.png */,
				46186F6E15D78D3200A1E1A2 /* character.png */,
				469E009915C2437500EE7EC9 /* lasso.png */,
				4692B9D915E6529C00157F5F /* Delete.png */,
				4608D2A515D8B731005CEA6D /* details.png */,
				46186F7215D78F6600A1E1A2 /* record_down.png */,
				46186F7515D792B900A1E1A2 /* record_up.png */,
				46DB9590161018D600CCC5C2 /* new_drawing.png */,
				46DB959416101B4600CCC5C2 /* main_gradient.png */,
				46EAA0841610730B009D73DD /* group.png */,
				46EAA0851610730B009D73DD /* ungroup.png */,
				46CF79141612FD6900A287B9 /* slider.png */,
				46CF79121612FD5500A287B9 /* slider@2x.png */,
			);
			name = Images;
			sourceTree = "<group>";
		};
		46BF259A15B0241A00834681 /* Data Model */ = {
			isa = PBXGroup;
			children = (
				46C9AD1415B29D1E00EF3A92 /* PSDataModel.h */,
				46C9AD1515B29D1E00EF3A92 /* PSDataModel.m */,
				46F7A64C15B014E700C7B374 /* PlaySketch.xcdatamodeld */,
				46C9AD1915B2B67700EF3A92 /* PSDrawingDocument.h */,
				46C9AD1A15B2B67800EF3A92 /* PSDrawingDocument.m */,
				46BF25D415B16A8600834681 /* PSDrawingGroup.h */,
				46BF25D515B16A8600834681 /* PSDrawingGroup.m */,
				46BF25C615B1215900834681 /* PSDrawingLine.h */,
				46BF25C715B1215A00834681 /* PSDrawingLine.m */,
				46BF25D715B16AB800834681 /* PSPrimitiveDataStructs.h */,
			);
			name = "Data Model";
			path = ..;
			sourceTree = "<group>";
		};
		46BF25AA15B0263C00834681 /* Interface */ = {
			isa = PBXGroup;
			children = (
				46BF25AB15B0266A00834681 /* SketchInterface.storyboard */,
				46BF25CB15B140D500834681 /* PSDrawingEventsView.h */,
				46BF25CC15B140D500834681 /* PSDrawingEventsView.m */,
				46BAC13215B52741007C288E /* PSSRTManipulator.h */,
				46BAC13315B52741007C288E /* PSSRTManipulator.m */,
				46973BE615C103170092D236 /* PSTimelineSlider.h */,
				46973BE715C103170092D236 /* PSTimelineSlider.m */,
				46CF79011612D8E900A287B9 /* PSKeyframeView.h */,
				46CF79021612D8E900A287B9 /* PSKeyframeView.m */,
				468E2A2B15C61C0600AA20D2 /* PSGroupOverlayButtons.h */,
				468E2A2C15C61C0600AA20D2 /* PSGroupOverlayButtons.m */,
				464A4F3B15DCAFD4008A59DF /* PSMotionPathView.h */,
				464A4F3C15DCAFD4008A59DF /* PSMotionPathView.m */,
			);
			name = Interface;
			path = ..;
			sourceTree = "<group>";
		};
		46BF25BD15B11BC100834681 /* Controllers */ = {
			isa = PBXGroup;
			children = (
				46C9AD1115B29BC500EF3A92 /* PSDocumentListController.h */,
				46C9AD1215B29BC500EF3A92 /* PSDocumentListController.m */,
				46BF25CE15B1503B00834681 /* PSSceneViewController.h */,
				46BF25CF15B1503B00834681 /* PSSceneViewController.m */,
				46BF25AD15B02B5C00834681 /* PSAnimationRenderingController.h */,
				46BF25AE15B02B5C00834681 /* PSAnimationRenderingController.m */,
				467BF45B15DB963D002321A7 /* PSVideoExportControllerViewController.h */,
				467BF45C15DB963D002321A7 /* PSVideoExportControllerViewController.m */,
				4649EE8E160D5FDB00FAE620 /* PSPenColorViewController.h */,
				4649EE8F160D5FDB00FAE620 /* PSPenColorViewController.m */,
			);
			name = Controllers;
			path = ..;
			sourceTree = "<group>";
		};
		46F7A62915B014E600C7B374 = {
			isa = PBXGroup;
			children = (
				46F7A67215B0188600C7B374 /* Pending work.txt */,
				46F7A64015B014E700C7B374 /* PlaySketch */,
				46F7A65C15B014E700C7B374 /* PlaySketchTests */,
				46F7A63715B014E700C7B374 /* Frameworks */,
				46F7A63515B014E700C7B374 /* Products */,
			);
			sourceTree = "<group>";
		};
		46F7A63515B014E700C7B374 /* Products */ = {
			isa = PBXGroup;
			children = (
				46F7A63415B014E700C7B374 /* PlaySketch.app */,
				46F7A65415B014E700C7B374 /* PlaySketchTests.octest */,
			);
			name = Products;
			sourceTree = "<group>";
		};
		46F7A63715B014E700C7B374 /* Frameworks */ = {
			isa = PBXGroup;
			children = (
				46F1735815DB83C900F787AC /* CoreMedia.framework */,
				46F1735415DB7C8E00F787AC /* AVFoundation.framework */,
				46F7A63E15B014E700C7B374 /* CoreData.framework */,
				46F7A63C15B014E700C7B374 /* CoreGraphics.framework */,
				46F1735615DB836A00F787AC /* CoreVideo.framework */,
				46F7A63A15B014E700C7B374 /* Foundation.framework */,
				46BF25B015B02B8700834681 /* GLKit.framework */,
				46BF25B715B0302A00834681 /* OpenGLES.framework */,
				46C9AD1715B2ABD300EF3A92 /* QuartzCore.framework */,
				46F7A63815B014E700C7B374 /* UIKit.framework */,
				46F7A65515B014E700C7B374 /* SenTestingKit.framework */,
			);
			name = Frameworks;
			sourceTree = "<group>";
		};
		46F7A64015B014E700C7B374 /* PlaySketch */ = {
			isa = PBXGroup;
			children = (
				46BF25BD15B11BC100834681 /* Controllers */,
				46BF25AA15B0263C00834681 /* Interface */,
				46BF259A15B0241A00834681 /* Data Model */,
				467E4E3E15B4232900F70C1E /* Helpers */,
				46F7A64115B014E700C7B374 /* Supporting Files */,
			);
			path = PlaySketch;
			sourceTree = "<group>";
		};
		46F7A64115B014E700C7B374 /* Supporting Files */ = {
			isa = PBXGroup;
			children = (
				469E009C15C2438000EE7EC9 /* Images */,
				463355E615B7AAA2001AE6CD /* Line Drawing */,
				46F7A64215B014E700C7B374 /* PlaySketch-Info.plist */,
				46F7A64315B014E700C7B374 /* InfoPlist.strings */,
				46F7A64615B014E700C7B374 /* main.m */,
				46F7A64815B014E700C7B374 /* PlaySketch-Prefix.pch */,
			);
			name = "Supporting Files";
			sourceTree = "<group>";
		};
		46F7A65C15B014E700C7B374 /* PlaySketchTests */ = {
			isa = PBXGroup;
			children = (
				46F7A66215B014E700C7B374 /* PlaySketchTests.h */,
				46F7A66315B014E700C7B374 /* PlaySketchTests.m */,
				46F7A65D15B014E700C7B374 /* Supporting Files */,
			);
			path = PlaySketchTests;
			sourceTree = "<group>";
		};
		46F7A65D15B014E700C7B374 /* Supporting Files */ = {
			isa = PBXGroup;
			children = (
				46F7A65E15B014E700C7B374 /* PlaySketchTests-Info.plist */,
				46F7A65F15B014E700C7B374 /* InfoPlist.strings */,
			);
			name = "Supporting Files";
			sourceTree = "<group>";
		};
/* End PBXGroup section */

/* Begin PBXNativeTarget section */
		46F7A63315B014E700C7B374 /* PlaySketch */ = {
			isa = PBXNativeTarget;
			buildConfigurationList = 46F7A66715B014E700C7B374 /* Build configuration list for PBXNativeTarget "PlaySketch" */;
			buildPhases = (
				4673A48215B6B0DC0053FDF0 /* ShellScript */,
				46F7A63015B014E700C7B374 /* Sources */,
				46F7A63115B014E700C7B374 /* Frameworks */,
				46F7A63215B014E700C7B374 /* Resources */,
			);
			buildRules = (
			);
			dependencies = (
			);
			name = PlaySketch;
			productName = PlaySketch;
			productReference = 46F7A63415B014E700C7B374 /* PlaySketch.app */;
			productType = "com.apple.product-type.application";
		};
		46F7A65315B014E700C7B374 /* PlaySketchTests */ = {
			isa = PBXNativeTarget;
			buildConfigurationList = 46F7A66A15B014E700C7B374 /* Build configuration list for PBXNativeTarget "PlaySketchTests" */;
			buildPhases = (
				46F7A64F15B014E700C7B374 /* Sources */,
				46F7A65015B014E700C7B374 /* Frameworks */,
				46F7A65115B014E700C7B374 /* Resources */,
				46F7A65215B014E700C7B374 /* ShellScript */,
			);
			buildRules = (
			);
			dependencies = (
				46F7A65B15B014E700C7B374 /* PBXTargetDependency */,
			);
			name = PlaySketchTests;
			productName = PlaySketchTests;
			productReference = 46F7A65415B014E700C7B374 /* PlaySketchTests.octest */;
			productType = "com.apple.product-type.bundle";
		};
/* End PBXNativeTarget section */

/* Begin PBXProject section */
		46F7A62B15B014E600C7B374 /* Project object */ = {
			isa = PBXProject;
			attributes = {
				CLASSPREFIX = PS;
				LastUpgradeCheck = 0430;
				ORGANIZATIONNAME = "Singapore Management University";
			};
			buildConfigurationList = 46F7A62E15B014E600C7B374 /* Build configuration list for PBXProject "PlaySketch" */;
			compatibilityVersion = "Xcode 3.2";
			developmentRegion = English;
			hasScannedForEncodings = 0;
			knownRegions = (
				en,
			);
			mainGroup = 46F7A62915B014E600C7B374;
			productRefGroup = 46F7A63515B014E700C7B374 /* Products */;
			projectDirPath = "";
			projectRoot = "";
			targets = (
				46F7A63315B014E700C7B374 /* PlaySketch */,
				46F7A65315B014E700C7B374 /* PlaySketchTests */,
			);
		};
/* End PBXProject section */

/* Begin PBXResourcesBuildPhase section */
		46F7A63215B014E700C7B374 /* Resources */ = {
			isa = PBXResourcesBuildPhase;
			buildActionMask = 2147483647;
			files = (
				4633559315B6D820001AE6CD /* Shader.fsh in Resources */,
				4633559415B6D820001AE6CD /* Shader.vsh in Resources */,
				46F7A64515B014E700C7B374 /* InfoPlist.strings in Resources */,
				46F7A67315B0188600C7B374 /* Pending work.txt in Resources */,
				46BF25AC15B0266A00834681 /* SketchInterface.storyboard in Resources */,
				469E009A15C2437500EE7EC9 /* lasso.png in Resources */,
				46186F6F15D78D3200A1E1A2 /* character.png in Resources */,
				46186F7415D78F6600A1E1A2 /* record_down.png in Resources */,
				46186F7615D792B900A1E1A2 /* record_up.png in Resources */,
				4608D2A615D8B731005CEA6D /* details.png in Resources */,
				4692B9DA15E6529C00157F5F /* Delete.png in Resources */,
				46DB9591161018D600CCC5C2 /* new_drawing.png in Resources */,
				46DB959516101B4600CCC5C2 /* main_gradient.png in Resources */,
				4649EE89160D5D9F00FAE620 /* pen_fountain.png in Resources */,
				4649EE8A160D5D9F00FAE620 /* pen_thin.png in Resources */,
				4649EE8B160D5D9F00FAE620 /* pen_medium.png in Resources */,
				4649EE8C160D5D9F00FAE620 /* pen_thick.png in Resources */,
				4649EE94160D819300FAE620 /* pen.png in Resources */,
				4649EE96160D88A600FAE620 /* more.png in Resources */,
				4649EE98160D935300FAE620 /* eraser.png in Resources */,
				46EAA0861610730B009D73DD /* group.png in Resources */,
				46EAA0871610730B009D73DD /* ungroup.png in Resources */,
				46CF79131612FD5500A287B9 /* slider@2x.png in Resources */,
				46CF79151612FD6900A287B9 /* slider.png in Resources */,
			);
			runOnlyForDeploymentPostprocessing = 0;
		};
		46F7A65115B014E700C7B374 /* Resources */ = {
			isa = PBXResourcesBuildPhase;
			buildActionMask = 2147483647;
			files = (
				46F7A66115B014E700C7B374 /* InfoPlist.strings in Resources */,
			);
			runOnlyForDeploymentPostprocessing = 0;
		};
/* End PBXResourcesBuildPhase section */

/* Begin PBXShellScriptBuildPhase section */
		4673A48215B6B0DC0053FDF0 /* ShellScript */ = {
			isa = PBXShellScriptBuildPhase;
			buildActionMask = 2147483647;
			files = (
			);
			inputPaths = (
			);
			outputPaths = (
			);
			runOnlyForDeploymentPostprocessing = 0;
			shellPath = /usr/bin/python;
			shellScript = "# All this script does is to automatically increment our version number\n# It assumes your version number is something like 1.0.1\n# It treats whatever is after the last '.' as an integer\n# and tries to increment it\n\nimport plistlib, os\n\nprint \"Opening Info.plist\"\npath = os.environ['INFOPLIST_FILE']\nlist = plistlib.readPlist(path)\n\nprint \"Updating Version\"\nold_version = list['CFBundleVersion']\nsplitup = old_version.rpartition(\".\")\nnew_version = splitup[0] + \".\" + str( int(splitup[2]) + 1)\n\nprint \"Saving out Info.plist\"\nlist['CFBundleVersion'] = str(new_version)\nlist['CFBundleShortVersionString'] = str(new_version)\nplistlib.writePlist(list, path)\n\nprint \"! Updated !\"\nprint \"Old version: \", old_version\nprint \"New version: \", new_version";
		};
		46F7A65215B014E700C7B374 /* ShellScript */ = {
			isa = PBXShellScriptBuildPhase;
			buildActionMask = 2147483647;
			files = (
			);
			inputPaths = (
			);
			outputPaths = (
			);
			runOnlyForDeploymentPostprocessing = 0;
			shellPath = /bin/sh;
			shellScript = "# Run the unit tests in this test bundle.\n\"${SYSTEM_DEVELOPER_DIR}/Tools/RunUnitTests\"\n";
		};
/* End PBXShellScriptBuildPhase section */

/* Begin PBXSourcesBuildPhase section */
		46F7A63015B014E700C7B374 /* Sources */ = {
			isa = PBXSourcesBuildPhase;
			buildActionMask = 2147483647;
			files = (
				46F7A64715B014E700C7B374 /* main.m in Sources */,
				46F7A64B15B014E700C7B374 /* PSAppDelegate.m in Sources */,
				46F7A64E15B014E700C7B374 /* PlaySketch.xcdatamodeld in Sources */,
				46BF25AF15B02B5C00834681 /* PSAnimationRenderingController.m in Sources */,
				46BF25C815B1215A00834681 /* PSDrawingLine.m in Sources */,
				46BF25CD15B140D500834681 /* PSDrawingEventsView.m in Sources */,
				46BF25D015B1503B00834681 /* PSSceneViewController.m in Sources */,
				46BF25D615B16A8600834681 /* PSDrawingGroup.m in Sources */,
				46C9AD1315B29BC500EF3A92 /* PSDocumentListController.m in Sources */,
				46C9AD1615B29D1E00EF3A92 /* PSDataModel.m in Sources */,
				46C9AD1B15B2B67800EF3A92 /* PSDrawingDocument.m in Sources */,
				467E4E4215B4235700F70C1E /* PSSelectionHelper.m in Sources */,
				46BAC13415B52741007C288E /* PSSRTManipulator.m in Sources */,
				4673A46A15B6A9100053FDF0 /* PSHelpers.m in Sources */,
				46973BE815C103170092D236 /* PSTimelineSlider.m in Sources */,
				468E2A2D15C61C0600AA20D2 /* PSGroupOverlayButtons.m in Sources */,
				46F1735215DB7AEE00F787AC /* PSGLKitVideoExporter.m in Sources */,
				467BF45D15DB963D002321A7 /* PSVideoExportControllerViewController.m in Sources */,
				464A4F3D15DCAFD4008A59DF /* PSMotionPathView.m in Sources */,
				4649EE90160D5FDB00FAE620 /* PSPenColorViewController.m in Sources */,
				464AF3861611600C009090D0 /* PSRecordingSession.m in Sources */,
				46CF79031612D8EA00A287B9 /* PSKeyframeView.m in Sources */,
			);
			runOnlyForDeploymentPostprocessing = 0;
		};
		46F7A64F15B014E700C7B374 /* Sources */ = {
			isa = PBXSourcesBuildPhase;
			buildActionMask = 2147483647;
			files = (
				46F7A66415B014E700C7B374 /* PlaySketchTests.m in Sources */,
			);
			runOnlyForDeploymentPostprocessing = 0;
		};
/* End PBXSourcesBuildPhase section */

/* Begin PBXTargetDependency section */
		46F7A65B15B014E700C7B374 /* PBXTargetDependency */ = {
			isa = PBXTargetDependency;
			target = 46F7A63315B014E700C7B374 /* PlaySketch */;
			targetProxy = 46F7A65A15B014E700C7B374 /* PBXContainerItemProxy */;
		};
/* End PBXTargetDependency section */

/* Begin PBXVariantGroup section */
		46F7A64315B014E700C7B374 /* InfoPlist.strings */ = {
			isa = PBXVariantGroup;
			children = (
				46F7A64415B014E700C7B374 /* en */,
			);
			name = InfoPlist.strings;
			sourceTree = "<group>";
		};
		46F7A65F15B014E700C7B374 /* InfoPlist.strings */ = {
			isa = PBXVariantGroup;
			children = (
				46F7A66015B014E700C7B374 /* en */,
			);
			name = InfoPlist.strings;
			sourceTree = "<group>";
		};
/* End PBXVariantGroup section */

/* Begin XCBuildConfiguration section */
		46F7A66515B014E700C7B374 /* Debug */ = {
			isa = XCBuildConfiguration;
			buildSettings = {
				ALWAYS_SEARCH_USER_PATHS = NO;
				ARCHS = "$(ARCHS_STANDARD_32_BIT)";
				CLANG_ENABLE_OBJC_ARC = YES;
				"CODE_SIGN_IDENTITY[sdk=iphoneos*]" = "iPhone Developer";
				COPY_PHASE_STRIP = NO;
				GCC_C_LANGUAGE_STANDARD = gnu99;
				GCC_DYNAMIC_NO_PIC = NO;
				GCC_OPTIMIZATION_LEVEL = 0;
				GCC_PREPROCESSOR_DEFINITIONS = (
					"DEBUG=1",
					"$(inherited)",
				);
				GCC_SYMBOLS_PRIVATE_EXTERN = NO;
				GCC_VERSION = com.apple.compilers.llvm.clang.1_0;
				GCC_WARN_ABOUT_RETURN_TYPE = YES;
				GCC_WARN_UNINITIALIZED_AUTOS = YES;
				GCC_WARN_UNUSED_VARIABLE = YES;
				IPHONEOS_DEPLOYMENT_TARGET = 5.0;
				SDKROOT = iphoneos;
				TARGETED_DEVICE_FAMILY = 2;
			};
			name = Debug;
		};
		46F7A66615B014E700C7B374 /* Release */ = {
			isa = XCBuildConfiguration;
			buildSettings = {
				ALWAYS_SEARCH_USER_PATHS = NO;
				ARCHS = "$(ARCHS_STANDARD_32_BIT)";
				CLANG_ENABLE_OBJC_ARC = YES;
				"CODE_SIGN_IDENTITY[sdk=iphoneos*]" = "iPhone Developer";
				COPY_PHASE_STRIP = YES;
				GCC_C_LANGUAGE_STANDARD = gnu99;
				GCC_VERSION = com.apple.compilers.llvm.clang.1_0;
				GCC_WARN_ABOUT_RETURN_TYPE = YES;
				GCC_WARN_UNINITIALIZED_AUTOS = YES;
				GCC_WARN_UNUSED_VARIABLE = YES;
				IPHONEOS_DEPLOYMENT_TARGET = 5.0;
				OTHER_CFLAGS = "-DNS_BLOCK_ASSERTIONS=1";
				SDKROOT = iphoneos;
				TARGETED_DEVICE_FAMILY = 2;
				VALIDATE_PRODUCT = YES;
			};
			name = Release;
		};
		46F7A66815B014E700C7B374 /* Debug */ = {
			isa = XCBuildConfiguration;
			buildSettings = {
				CODE_SIGN_IDENTITY = "iPhone Developer: Ryder Ziola (QKH6WJ23CX)";
				GCC_PRECOMPILE_PREFIX_HEADER = YES;
				GCC_PREFIX_HEADER = "PlaySketch/PlaySketch-Prefix.pch";
				INFOPLIST_FILE = "PlaySketch/PlaySketch-Info.plist";
				PRODUCT_NAME = "$(TARGET_NAME)";
				PROVISIONING_PROFILE = "AEA162A0-A47C-4656-8D5C-FEDEA52419A3";
				WRAPPER_EXTENSION = app;
			};
			name = Debug;
		};
		46F7A66915B014E700C7B374 /* Release */ = {
			isa = XCBuildConfiguration;
			buildSettings = {
				CODE_SIGN_IDENTITY = "iPhone Developer: Ryder Ziola (QKH6WJ23CX)";
				"CODE_SIGN_IDENTITY[sdk=iphoneos*]" = "iPhone Developer: Ryder Ziola (QKH6WJ23CX)";
				GCC_PRECOMPILE_PREFIX_HEADER = YES;
				GCC_PREFIX_HEADER = "PlaySketch/PlaySketch-Prefix.pch";
				INFOPLIST_FILE = "PlaySketch/PlaySketch-Info.plist";
				PRODUCT_NAME = "$(TARGET_NAME)";
				PROVISIONING_PROFILE = "FD1DB85D-883A-45D9-9293-5D483E4DDE7D";
				"PROVISIONING_PROFILE[sdk=iphoneos*]" = "AEA162A0-A47C-4656-8D5C-FEDEA52419A3";
				WRAPPER_EXTENSION = app;
			};
			name = Release;
		};
		46F7A66B15B014E700C7B374 /* Debug */ = {
			isa = XCBuildConfiguration;
			buildSettings = {
				BUNDLE_LOADER = "$(BUILT_PRODUCTS_DIR)/PlaySketch.app/PlaySketch";
				FRAMEWORK_SEARCH_PATHS = (
					"$(SDKROOT)/Developer/Library/Frameworks",
					"$(DEVELOPER_LIBRARY_DIR)/Frameworks",
				);
				GCC_PRECOMPILE_PREFIX_HEADER = YES;
				GCC_PREFIX_HEADER = "PlaySketch/PlaySketch-Prefix.pch";
				INFOPLIST_FILE = "PlaySketchTests/PlaySketchTests-Info.plist";
				PRODUCT_NAME = "$(TARGET_NAME)";
				TEST_HOST = "$(BUNDLE_LOADER)";
				WRAPPER_EXTENSION = octest;
			};
			name = Debug;
		};
		46F7A66C15B014E700C7B374 /* Release */ = {
			isa = XCBuildConfiguration;
			buildSettings = {
				BUNDLE_LOADER = "$(BUILT_PRODUCTS_DIR)/PlaySketch.app/PlaySketch";
				FRAMEWORK_SEARCH_PATHS = (
					"$(SDKROOT)/Developer/Library/Frameworks",
					"$(DEVELOPER_LIBRARY_DIR)/Frameworks",
				);
				GCC_PRECOMPILE_PREFIX_HEADER = YES;
				GCC_PREFIX_HEADER = "PlaySketch/PlaySketch-Prefix.pch";
				INFOPLIST_FILE = "PlaySketchTests/PlaySketchTests-Info.plist";
				PRODUCT_NAME = "$(TARGET_NAME)";
				TEST_HOST = "$(BUNDLE_LOADER)";
				WRAPPER_EXTENSION = octest;
			};
			name = Release;
		};
/* End XCBuildConfiguration section */

/* Begin XCConfigurationList section */
		46F7A62E15B014E600C7B374 /* Build configuration list for PBXProject "PlaySketch" */ = {
			isa = XCConfigurationList;
			buildConfigurations = (
				46F7A66515B014E700C7B374 /* Debug */,
				46F7A66615B014E700C7B374 /* Release */,
			);
			defaultConfigurationIsVisible = 0;
			defaultConfigurationName = Release;
		};
		46F7A66715B014E700C7B374 /* Build configuration list for PBXNativeTarget "PlaySketch" */ = {
			isa = XCConfigurationList;
			buildConfigurations = (
				46F7A66815B014E700C7B374 /* Debug */,
				46F7A66915B014E700C7B374 /* Release */,
			);
			defaultConfigurationIsVisible = 0;
			defaultConfigurationName = Release;
		};
		46F7A66A15B014E700C7B374 /* Build configuration list for PBXNativeTarget "PlaySketchTests" */ = {
			isa = XCConfigurationList;
			buildConfigurations = (
				46F7A66B15B014E700C7B374 /* Debug */,
				46F7A66C15B014E700C7B374 /* Release */,
			);
			defaultConfigurationIsVisible = 0;
			defaultConfigurationName = Release;
		};
/* End XCConfigurationList section */

/* Begin XCVersionGroup section */
		46F7A64C15B014E700C7B374 /* PlaySketch.xcdatamodeld */ = {
			isa = XCVersionGroup;
			children = (
				46F7A64D15B014E700C7B374 /* PlaySketch.xcdatamodel */,
			);
			currentVersion = 46F7A64D15B014E700C7B374 /* PlaySketch.xcdatamodel */;
			name = PlaySketch.xcdatamodeld;
			path = PlaySketch/PlaySketch.xcdatamodeld;
			sourceTree = "<group>";
			versionGroupType = wrapper.xcdatamodel;
		};
/* End XCVersionGroup section */
	};
	rootObject = 46F7A62B15B014E600C7B374 /* Project object */;
}
