// !$*UTF8*$!
{
	archiveVersion = 1;
	classes = {
	};
	objectVersion = 46;
	objects = {

/* Begin PBXBuildFile section */
		46BF25A615B0253400834681 /* PSDrawingItem.m in Sources */ = {isa = PBXBuildFile; fileRef = 46BF25A515B0253400834681 /* PSDrawingItem.m */; };
		46BF25A915B0257600834681 /* PSDrawingGroup.m in Sources */ = {isa = PBXBuildFile; fileRef = 46BF25A815B0257600834681 /* PSDrawingGroup.m */; };
		46BF25AC15B0266A00834681 /* SketchInterface.storyboard in Resources */ = {isa = PBXBuildFile; fileRef = 46BF25AB15B0266A00834681 /* SketchInterface.storyboard */; };
		46BF25AF15B02B5C00834681 /* PSAnimationRenderingController.m in Sources */ = {isa = PBXBuildFile; fileRef = 46BF25AE15B02B5C00834681 /* PSAnimationRenderingController.m */; };
		46BF25B115B02B8700834681 /* GLKit.framework in Frameworks */ = {isa = PBXBuildFile; fileRef = 46BF25B015B02B8700834681 /* GLKit.framework */; };
		46BF25B815B0302A00834681 /* OpenGLES.framework in Frameworks */ = {isa = PBXBuildFile; fileRef = 46BF25B715B0302A00834681 /* OpenGLES.framework */; };
		46F7A63915B014E700C7B374 /* UIKit.framework in Frameworks */ = {isa = PBXBuildFile; fileRef = 46F7A63815B014E700C7B374 /* UIKit.framework */; };
		46F7A63B15B014E700C7B374 /* Foundation.framework in Frameworks */ = {isa = PBXBuildFile; fileRef = 46F7A63A15B014E700C7B374 /* Foundation.framework */; };
		46F7A63D15B014E700C7B374 /* CoreGraphics.framework in Frameworks */ = {isa = PBXBuildFile; fileRef = 46F7A63C15B014E700C7B374 /* CoreGraphics.framework */; };
		46F7A63F15B014E700C7B374 /* CoreData.framework in Frameworks */ = {isa = PBXBuildFile; fileRef = 46F7A63E15B014E700C7B374 /* CoreData.framework */; };
		46F7A64515B014E700C7B374 /* InfoPlist.strings in Resources */ = {isa = PBXBuildFile; fileRef = 46F7A64315B014E700C7B374 /* InfoPlist.strings */; };
		46F7A64715B014E700C7B374 /* main.m in Sources */ = {isa = PBXBuildFile; fileRef = 46F7A64615B014E700C7B374 /* main.m */; };
		46F7A64B15B014E700C7B374 /* PSAppDelegate.m in Sources */ = {isa = PBXBuildFile; fileRef = 46F7A64A15B014E700C7B374 /* PSAppDelegate.m */; };
		46F7A64E15B014E700C7B374 /* PlaySketch.xcdatamodeld in Sources */ = {isa = PBXBuildFile; fileRef = 46F7A64C15B014E700C7B374 /* PlaySketch.xcdatamodeld */; };
		46F7A65615B014E700C7B374 /* SenTestingKit.framework in Frameworks */ = {isa = PBXBuildFile; fileRef = 46F7A65515B014E700C7B374 /* SenTestingKit.framework */; };
		46F7A65715B014E700C7B374 /* UIKit.framework in Frameworks */ = {isa = PBXBuildFile; fileRef = 46F7A63815B014E700C7B374 /* UIKit.framework */; };
		46F7A65815B014E700C7B374 /* Foundation.framework in Frameworks */ = {isa = PBXBuildFile; fileRef = 46F7A63A15B014E700C7B374 /* Foundation.framework */; };
		46F7A65915B014E700C7B374 /* CoreData.framework in Frameworks */ = {isa = PBXBuildFile; fileRef = 46F7A63E15B014E700C7B374 /* CoreData.framework */; };
		46F7A66115B014E700C7B374 /* InfoPlist.strings in Resources */ = {isa = PBXBuildFile; fileRef = 46F7A65F15B014E700C7B374 /* InfoPlist.strings */; };
		46F7A66415B014E700C7B374 /* PlaySketchTests.m in Sources */ = {isa = PBXBuildFile; fileRef = 46F7A66315B014E700C7B374 /* PlaySketchTests.m */; };
		46F7A67315B0188600C7B374 /* Pending work.txt in Resources */ = {isa = PBXBuildFile; fileRef = 46F7A67215B0188600C7B374 /* Pending work.txt */; };
/* End PBXBuildFile section */

/* Begin PBXContainerItemProxy section */
		46F7A65A15B014E700C7B374 /* PBXContainerItemProxy */ = {
			isa = PBXContainerItemProxy;
			containerPortal = 46F7A62B15B014E600C7B374 /* Project object */;
			proxyType = 1;
			remoteGlobalIDString = 46F7A63315B014E700C7B374;
			remoteInfo = PlaySketch;
		};
/* End PBXContainerItemProxy section */

/* Begin PBXFileReference section */
		46BF25A415B0253400834681 /* PSDrawingItem.h */ = {isa = PBXFileReference; fileEncoding = 4; lastKnownFileType = sourcecode.c.h; name = PSDrawingItem.h; path = PlaySketch/PSDrawingItem.h; sourceTree = "<group>"; };
		46BF25A515B0253400834681 /* PSDrawingItem.m */ = {isa = PBXFileReference; fileEncoding = 4; lastKnownFileType = sourcecode.c.objc; name = PSDrawingItem.m; path = PlaySketch/PSDrawingItem.m; sourceTree = "<group>"; };
		46BF25A715B0257600834681 /* PSDrawingGroup.h */ = {isa = PBXFileReference; fileEncoding = 4; lastKnownFileType = sourcecode.c.h; name = PSDrawingGroup.h; path = PlaySketch/PSDrawingGroup.h; sourceTree = "<group>"; };
		46BF25A815B0257600834681 /* PSDrawingGroup.m */ = {isa = PBXFileReference; fileEncoding = 4; lastKnownFileType = sourcecode.c.objc; name = PSDrawingGroup.m; path = PlaySketch/PSDrawingGroup.m; sourceTree = "<group>"; };
		46BF25AB15B0266A00834681 /* SketchInterface.storyboard */ = {isa = PBXFileReference; fileEncoding = 4; lastKnownFileType = file.storyboard; name = SketchInterface.storyboard; path = PlaySketch/SketchInterface.storyboard; sourceTree = "<group>"; };
		46BF25AD15B02B5C00834681 /* PSAnimationRenderingController.h */ = {isa = PBXFileReference; fileEncoding = 4; lastKnownFileType = sourcecode.c.h; name = PSAnimationRenderingController.h; path = PlaySketch/PSAnimationRenderingController.h; sourceTree = "<group>"; };
		46BF25AE15B02B5C00834681 /* PSAnimationRenderingController.m */ = {isa = PBXFileReference; fileEncoding = 4; lastKnownFileType = sourcecode.c.objc; name = PSAnimationRenderingController.m; path = PlaySketch/PSAnimationRenderingController.m; sourceTree = "<group>"; };
		46BF25B015B02B8700834681 /* GLKit.framework */ = {isa = PBXFileReference; lastKnownFileType = wrapper.framework; name = GLKit.framework; path = System/Library/Frameworks/GLKit.framework; sourceTree = SDKROOT; };
		46BF25B715B0302A00834681 /* OpenGLES.framework */ = {isa = PBXFileReference; lastKnownFileType = wrapper.framework; name = OpenGLES.framework; path = System/Library/Frameworks/OpenGLES.framework; sourceTree = SDKROOT; };
		46F7A63415B014E700C7B374 /* PlaySketch.app */ = {isa = PBXFileReference; explicitFileType = wrapper.application; includeInIndex = 0; path = PlaySketch.app; sourceTree = BUILT_PRODUCTS_DIR; };
		46F7A63815B014E700C7B374 /* UIKit.framework */ = {isa = PBXFileReference; lastKnownFileType = wrapper.framework; name = UIKit.framework; path = System/Library/Frameworks/UIKit.framework; sourceTree = SDKROOT; };
		46F7A63A15B014E700C7B374 /* Foundation.framework */ = {isa = PBXFileReference; lastKnownFileType = wrapper.framework; name = Foundation.framework; path = System/Library/Frameworks/Foundation.framework; sourceTree = SDKROOT; };
		46F7A63C15B014E700C7B374 /* CoreGraphics.framework */ = {isa = PBXFileReference; lastKnownFileType = wrapper.framework; name = CoreGraphics.framework; path = System/Library/Frameworks/CoreGraphics.framework; sourceTree = SDKROOT; };
		46F7A63E15B014E700C7B374 /* CoreData.framework */ = {isa = PBXFileReference; lastKnownFileType = wrapper.framework; name = CoreData.framework; path = System/Library/Frameworks/CoreData.framework; sourceTree = SDKROOT; };
		46F7A64215B014E700C7B374 /* PlaySketch-Info.plist */ = {isa = PBXFileReference; lastKnownFileType = text.plist.xml; path = "PlaySketch-Info.plist"; sourceTree = "<group>"; };
		46F7A64415B014E700C7B374 /* en */ = {isa = PBXFileReference; lastKnownFileType = text.plist.strings; name = en; path = en.lproj/InfoPlist.strings; sourceTree = "<group>"; };
		46F7A64615B014E700C7B374 /* main.m */ = {isa = PBXFileReference; lastKnownFileType = sourcecode.c.objc; path = main.m; sourceTree = "<group>"; };
		46F7A64815B014E700C7B374 /* PlaySketch-Prefix.pch */ = {isa = PBXFileReference; lastKnownFileType = sourcecode.c.h; path = "PlaySketch-Prefix.pch"; sourceTree = "<group>"; };
		46F7A64915B014E700C7B374 /* PSAppDelegate.h */ = {isa = PBXFileReference; lastKnownFileType = sourcecode.c.h; path = PSAppDelegate.h; sourceTree = "<group>"; };
		46F7A64A15B014E700C7B374 /* PSAppDelegate.m */ = {isa = PBXFileReference; lastKnownFileType = sourcecode.c.objc; path = PSAppDelegate.m; sourceTree = "<group>"; };
		46F7A64D15B014E700C7B374 /* PlaySketch.xcdatamodel */ = {isa = PBXFileReference; lastKnownFileType = wrapper.xcdatamodel; path = PlaySketch.xcdatamodel; sourceTree = "<group>"; };
		46F7A65415B014E700C7B374 /* PlaySketchTests.octest */ = {isa = PBXFileReference; explicitFileType = wrapper.cfbundle; includeInIndex = 0; path = PlaySketchTests.octest; sourceTree = BUILT_PRODUCTS_DIR; };
		46F7A65515B014E700C7B374 /* SenTestingKit.framework */ = {isa = PBXFileReference; lastKnownFileType = wrapper.framework; name = SenTestingKit.framework; path = Library/Frameworks/SenTestingKit.framework; sourceTree = DEVELOPER_DIR; };
		46F7A65E15B014E700C7B374 /* PlaySketchTests-Info.plist */ = {isa = PBXFileReference; lastKnownFileType = text.plist.xml; path = "PlaySketchTests-Info.plist"; sourceTree = "<group>"; };
		46F7A66015B014E700C7B374 /* en */ = {isa = PBXFileReference; lastKnownFileType = text.plist.strings; name = en; path = en.lproj/InfoPlist.strings; sourceTree = "<group>"; };
		46F7A66215B014E700C7B374 /* PlaySketchTests.h */ = {isa = PBXFileReference; lastKnownFileType = sourcecode.c.h; path = PlaySketchTests.h; sourceTree = "<group>"; };
		46F7A66315B014E700C7B374 /* PlaySketchTests.m */ = {isa = PBXFileReference; lastKnownFileType = sourcecode.c.objc; path = PlaySketchTests.m; sourceTree = "<group>"; };
		46F7A67215B0188600C7B374 /* Pending work.txt */ = {isa = PBXFileReference; fileEncoding = 4; lastKnownFileType = text; name = "Pending work.txt"; path = "../Pending work.txt"; sourceTree = "<group>"; };
/* End PBXFileReference section */

/* Begin PBXFrameworksBuildPhase section */
		46F7A63115B014E700C7B374 /* Frameworks */ = {
			isa = PBXFrameworksBuildPhase;
			buildActionMask = 2147483647;
			files = (
				46BF25B815B0302A00834681 /* OpenGLES.framework in Frameworks */,
				46F7A63915B014E700C7B374 /* UIKit.framework in Frameworks */,
				46F7A63B15B014E700C7B374 /* Foundation.framework in Frameworks */,
				46F7A63D15B014E700C7B374 /* CoreGraphics.framework in Frameworks */,
				46F7A63F15B014E700C7B374 /* CoreData.framework in Frameworks */,
				46BF25B115B02B8700834681 /* GLKit.framework in Frameworks */,
			);
			runOnlyForDeploymentPostprocessing = 0;
		};
		46F7A65015B014E700C7B374 /* Frameworks */ = {
			isa = PBXFrameworksBuildPhase;
			buildActionMask = 2147483647;
			files = (
				46F7A65615B014E700C7B374 /* SenTestingKit.framework in Frameworks */,
				46F7A65715B014E700C7B374 /* UIKit.framework in Frameworks */,
				46F7A65815B014E700C7B374 /* Foundation.framework in Frameworks */,
				46F7A65915B014E700C7B374 /* CoreData.framework in Frameworks */,
			);
			runOnlyForDeploymentPostprocessing = 0;
		};
/* End PBXFrameworksBuildPhase section */

/* Begin PBXGroup section */
		46BF259A15B0241A00834681 /* Data Model */ = {
			isa = PBXGroup;
			children = (
				46BF25A415B0253400834681 /* PSDrawingItem.h */,
				46BF25A515B0253400834681 /* PSDrawingItem.m */,
				46F7A64C15B014E700C7B374 /* PlaySketch.xcdatamodeld */,
				46BF25A715B0257600834681 /* PSDrawingGroup.h */,
				46BF25A815B0257600834681 /* PSDrawingGroup.m */,
			);
			name = "Data Model";
			path = ..;
			sourceTree = "<group>";
		};
		46BF25AA15B0263C00834681 /* Interface */ = {
			isa = PBXGroup;
			children = (
				46BF25AB15B0266A00834681 /* SketchInterface.storyboard */,
			);
			name = Interface;
			path = ..;
			sourceTree = "<group>";
		};
		46BF25BD15B11BC100834681 /* Controllers */ = {
			isa = PBXGroup;
			children = (
				46BF25AD15B02B5C00834681 /* PSAnimationRenderingController.h */,
				46BF25AE15B02B5C00834681 /* PSAnimationRenderingController.m */,
			);
			name = Controllers;
			path = ..;
			sourceTree = "<group>";
		};
		46F7A62915B014E600C7B374 = {
			isa = PBXGroup;
			children = (
				46F7A67215B0188600C7B374 /* Pending work.txt */,
				46F7A64015B014E700C7B374 /* PlaySketch */,
				46F7A65C15B014E700C7B374 /* PlaySketchTests */,
				46F7A63715B014E700C7B374 /* Frameworks */,
				46F7A63515B014E700C7B374 /* Products */,
			);
			sourceTree = "<group>";
		};
		46F7A63515B014E700C7B374 /* Products */ = {
			isa = PBXGroup;
			children = (
				46F7A63415B014E700C7B374 /* PlaySketch.app */,
				46F7A65415B014E700C7B374 /* PlaySketchTests.octest */,
			);
			name = Products;
			sourceTree = "<group>";
		};
		46F7A63715B014E700C7B374 /* Frameworks */ = {
			isa = PBXGroup;
			children = (
				46BF25B715B0302A00834681 /* OpenGLES.framework */,
				46BF25B015B02B8700834681 /* GLKit.framework */,
				46F7A63815B014E700C7B374 /* UIKit.framework */,
				46F7A63A15B014E700C7B374 /* Foundation.framework */,
				46F7A63C15B014E700C7B374 /* CoreGraphics.framework */,
				46F7A63E15B014E700C7B374 /* CoreData.framework */,
				46F7A65515B014E700C7B374 /* SenTestingKit.framework */,
			);
			name = Frameworks;
			sourceTree = "<group>";
		};
		46F7A64015B014E700C7B374 /* PlaySketch */ = {
			isa = PBXGroup;
			children = (
				46F7A64915B014E700C7B374 /* PSAppDelegate.h */,
				46F7A64A15B014E700C7B374 /* PSAppDelegate.m */,
				46BF25BD15B11BC100834681 /* Controllers */,
				46BF25AA15B0263C00834681 /* Interface */,
				46BF259A15B0241A00834681 /* Data Model */,
				46F7A64115B014E700C7B374 /* Supporting Files */,
			);
			path = PlaySketch;
			sourceTree = "<group>";
		};
		46F7A64115B014E700C7B374 /* Supporting Files */ = {
			isa = PBXGroup;
			children = (
				46F7A64215B014E700C7B374 /* PlaySketch-Info.plist */,
				46F7A64315B014E700C7B374 /* InfoPlist.strings */,
				46F7A64615B014E700C7B374 /* main.m */,
				46F7A64815B014E700C7B374 /* PlaySketch-Prefix.pch */,
			);
			name = "Supporting Files";
			sourceTree = "<group>";
		};
		46F7A65C15B014E700C7B374 /* PlaySketchTests */ = {
			isa = PBXGroup;
			children = (
				46F7A66215B014E700C7B374 /* PlaySketchTests.h */,
				46F7A66315B014E700C7B374 /* PlaySketchTests.m */,
				46F7A65D15B014E700C7B374 /* Supporting Files */,
			);
			path = PlaySketchTests;
			sourceTree = "<group>";
		};
		46F7A65D15B014E700C7B374 /* Supporting Files */ = {
			isa = PBXGroup;
			children = (
				46F7A65E15B014E700C7B374 /* PlaySketchTests-Info.plist */,
				46F7A65F15B014E700C7B374 /* InfoPlist.strings */,
			);
			name = "Supporting Files";
			sourceTree = "<group>";
		};
/* End PBXGroup section */

/* Begin PBXNativeTarget section */
		46F7A63315B014E700C7B374 /* PlaySketch */ = {
			isa = PBXNativeTarget;
			buildConfigurationList = 46F7A66715B014E700C7B374 /* Build configuration list for PBXNativeTarget "PlaySketch" */;
			buildPhases = (
				46F7A63015B014E700C7B374 /* Sources */,
				46F7A63115B014E700C7B374 /* Frameworks */,
				46F7A63215B014E700C7B374 /* Resources */,
			);
			buildRules = (
			);
			dependencies = (
			);
			name = PlaySketch;
			productName = PlaySketch;
			productReference = 46F7A63415B014E700C7B374 /* PlaySketch.app */;
			productType = "com.apple.product-type.application";
		};
		46F7A65315B014E700C7B374 /* PlaySketchTests */ = {
			isa = PBXNativeTarget;
			buildConfigurationList = 46F7A66A15B014E700C7B374 /* Build configuration list for PBXNativeTarget "PlaySketchTests" */;
			buildPhases = (
				46F7A64F15B014E700C7B374 /* Sources */,
				46F7A65015B014E700C7B374 /* Frameworks */,
				46F7A65115B014E700C7B374 /* Resources */,
				46F7A65215B014E700C7B374 /* ShellScript */,
			);
			buildRules = (
			);
			dependencies = (
				46F7A65B15B014E700C7B374 /* PBXTargetDependency */,
			);
			name = PlaySketchTests;
			productName = PlaySketchTests;
			productReference = 46F7A65415B014E700C7B374 /* PlaySketchTests.octest */;
			productType = "com.apple.product-type.bundle";
		};
/* End PBXNativeTarget section */

/* Begin PBXProject section */
		46F7A62B15B014E600C7B374 /* Project object */ = {
			isa = PBXProject;
			attributes = {
				CLASSPREFIX = PS;
				LastUpgradeCheck = 0430;
				ORGANIZATIONNAME = "Singapore Management University";
			};
			buildConfigurationList = 46F7A62E15B014E600C7B374 /* Build configuration list for PBXProject "PlaySketch" */;
			compatibilityVersion = "Xcode 3.2";
			developmentRegion = English;
			hasScannedForEncodings = 0;
			knownRegions = (
				en,
			);
			mainGroup = 46F7A62915B014E600C7B374;
			productRefGroup = 46F7A63515B014E700C7B374 /* Products */;
			projectDirPath = "";
			projectRoot = "";
			targets = (
				46F7A63315B014E700C7B374 /* PlaySketch */,
				46F7A65315B014E700C7B374 /* PlaySketchTests */,
			);
		};
/* End PBXProject section */

/* Begin PBXResourcesBuildPhase section */
		46F7A63215B014E700C7B374 /* Resources */ = {
			isa = PBXResourcesBuildPhase;
			buildActionMask = 2147483647;
			files = (
				46F7A64515B014E700C7B374 /* InfoPlist.strings in Resources */,
				46F7A67315B0188600C7B374 /* Pending work.txt in Resources */,
				46BF25AC15B0266A00834681 /* SketchInterface.storyboard in Resources */,
			);
			runOnlyForDeploymentPostprocessing = 0;
		};
		46F7A65115B014E700C7B374 /* Resources */ = {
			isa = PBXResourcesBuildPhase;
			buildActionMask = 2147483647;
			files = (
				46F7A66115B014E700C7B374 /* InfoPlist.strings in Resources */,
			);
			runOnlyForDeploymentPostprocessing = 0;
		};
/* End PBXResourcesBuildPhase section */

/* Begin PBXShellScriptBuildPhase section */
		46F7A65215B014E700C7B374 /* ShellScript */ = {
			isa = PBXShellScriptBuildPhase;
			buildActionMask = 2147483647;
			files = (
			);
			inputPaths = (
			);
			outputPaths = (
			);
			runOnlyForDeploymentPostprocessing = 0;
			shellPath = /bin/sh;
			shellScript = "# Run the unit tests in this test bundle.\n\"${SYSTEM_DEVELOPER_DIR}/Tools/RunUnitTests\"\n";
		};
/* End PBXShellScriptBuildPhase section */

/* Begin PBXSourcesBuildPhase section */
		46F7A63015B014E700C7B374 /* Sources */ = {
			isa = PBXSourcesBuildPhase;
			buildActionMask = 2147483647;
			files = (
				46F7A64715B014E700C7B374 /* main.m in Sources */,
				46F7A64B15B014E700C7B374 /* PSAppDelegate.m in Sources */,
				46F7A64E15B014E700C7B374 /* PlaySketch.xcdatamodeld in Sources */,
				46BF25A615B0253400834681 /* PSDrawingItem.m in Sources */,
				46BF25A915B0257600834681 /* PSDrawingGroup.m in Sources */,
				46BF25AF15B02B5C00834681 /* PSAnimationRenderingController.m in Sources */,
			);
			runOnlyForDeploymentPostprocessing = 0;
		};
		46F7A64F15B014E700C7B374 /* Sources */ = {
			isa = PBXSourcesBuildPhase;
			buildActionMask = 2147483647;
			files = (
				46F7A66415B014E700C7B374 /* PlaySketchTests.m in Sources */,
			);
			runOnlyForDeploymentPostprocessing = 0;
		};
/* End PBXSourcesBuildPhase section */

/* Begin PBXTargetDependency section */
		46F7A65B15B014E700C7B374 /* PBXTargetDependency */ = {
			isa = PBXTargetDependency;
			target = 46F7A63315B014E700C7B374 /* PlaySketch */;
			targetProxy = 46F7A65A15B014E700C7B374 /* PBXContainerItemProxy */;
		};
/* End PBXTargetDependency section */

/* Begin PBXVariantGroup section */
		46F7A64315B014E700C7B374 /* InfoPlist.strings */ = {
			isa = PBXVariantGroup;
			children = (
				46F7A64415B014E700C7B374 /* en */,
			);
			name = InfoPlist.strings;
			sourceTree = "<group>";
		};
		46F7A65F15B014E700C7B374 /* InfoPlist.strings */ = {
			isa = PBXVariantGroup;
			children = (
				46F7A66015B014E700C7B374 /* en */,
			);
			name = InfoPlist.strings;
			sourceTree = "<group>";
		};
/* End PBXVariantGroup section */

/* Begin XCBuildConfiguration section */
		46F7A66515B014E700C7B374 /* Debug */ = {
			isa = XCBuildConfiguration;
			buildSettings = {
				ALWAYS_SEARCH_USER_PATHS = NO;
				ARCHS = "$(ARCHS_STANDARD_32_BIT)";
				CLANG_ENABLE_OBJC_ARC = YES;
				"CODE_SIGN_IDENTITY[sdk=iphoneos*]" = "iPhone Developer";
				COPY_PHASE_STRIP = NO;
				GCC_C_LANGUAGE_STANDARD = gnu99;
				GCC_DYNAMIC_NO_PIC = NO;
				GCC_OPTIMIZATION_LEVEL = 0;
				GCC_PREPROCESSOR_DEFINITIONS = (
					"DEBUG=1",
					"$(inherited)",
				);
				GCC_SYMBOLS_PRIVATE_EXTERN = NO;
				GCC_VERSION = com.apple.compilers.llvm.clang.1_0;
				GCC_WARN_ABOUT_RETURN_TYPE = YES;
				GCC_WARN_UNINITIALIZED_AUTOS = YES;
				GCC_WARN_UNUSED_VARIABLE = YES;
				IPHONEOS_DEPLOYMENT_TARGET = 5.0;
				SDKROOT = iphoneos;
				TARGETED_DEVICE_FAMILY = 2;
			};
			name = Debug;
		};
		46F7A66615B014E700C7B374 /* Release */ = {
			isa = XCBuildConfiguration;
			buildSettings = {
				ALWAYS_SEARCH_USER_PATHS = NO;
				ARCHS = "$(ARCHS_STANDARD_32_BIT)";
				CLANG_ENABLE_OBJC_ARC = YES;
				"CODE_SIGN_IDENTITY[sdk=iphoneos*]" = "iPhone Developer";
				COPY_PHASE_STRIP = YES;
				GCC_C_LANGUAGE_STANDARD = gnu99;
				GCC_VERSION = com.apple.compilers.llvm.clang.1_0;
				GCC_WARN_ABOUT_RETURN_TYPE = YES;
				GCC_WARN_UNINITIALIZED_AUTOS = YES;
				GCC_WARN_UNUSED_VARIABLE = YES;
				IPHONEOS_DEPLOYMENT_TARGET = 5.0;
				OTHER_CFLAGS = "-DNS_BLOCK_ASSERTIONS=1";
				SDKROOT = iphoneos;
				TARGETED_DEVICE_FAMILY = 2;
				VALIDATE_PRODUCT = YES;
			};
			name = Release;
		};
		46F7A66815B014E700C7B374 /* Debug */ = {
			isa = XCBuildConfiguration;
			buildSettings = {
				GCC_PRECOMPILE_PREFIX_HEADER = YES;
				GCC_PREFIX_HEADER = "PlaySketch/PlaySketch-Prefix.pch";
				INFOPLIST_FILE = "PlaySketch/PlaySketch-Info.plist";
				PRODUCT_NAME = "$(TARGET_NAME)";
				WRAPPER_EXTENSION = app;
			};
			name = Debug;
		};
		46F7A66915B014E700C7B374 /* Release */ = {
			isa = XCBuildConfiguration;
			buildSettings = {
				GCC_PRECOMPILE_PREFIX_HEADER = YES;
				GCC_PREFIX_HEADER = "PlaySketch/PlaySketch-Prefix.pch";
				INFOPLIST_FILE = "PlaySketch/PlaySketch-Info.plist";
				PRODUCT_NAME = "$(TARGET_NAME)";
				WRAPPER_EXTENSION = app;
			};
			name = Release;
		};
		46F7A66B15B014E700C7B374 /* Debug */ = {
			isa = XCBuildConfiguration;
			buildSettings = {
				BUNDLE_LOADER = "$(BUILT_PRODUCTS_DIR)/PlaySketch.app/PlaySketch";
				FRAMEWORK_SEARCH_PATHS = (
					"$(SDKROOT)/Developer/Library/Frameworks",
					"$(DEVELOPER_LIBRARY_DIR)/Frameworks",
				);
				GCC_PRECOMPILE_PREFIX_HEADER = YES;
				GCC_PREFIX_HEADER = "PlaySketch/PlaySketch-Prefix.pch";
				INFOPLIST_FILE = "PlaySketchTests/PlaySketchTests-Info.plist";
				PRODUCT_NAME = "$(TARGET_NAME)";
				TEST_HOST = "$(BUNDLE_LOADER)";
				WRAPPER_EXTENSION = octest;
			};
			name = Debug;
		};
		46F7A66C15B014E700C7B374 /* Release */ = {
			isa = XCBuildConfiguration;
			buildSettings = {
				BUNDLE_LOADER = "$(BUILT_PRODUCTS_DIR)/PlaySketch.app/PlaySketch";
				FRAMEWORK_SEARCH_PATHS = (
					"$(SDKROOT)/Developer/Library/Frameworks",
					"$(DEVELOPER_LIBRARY_DIR)/Frameworks",
				);
				GCC_PRECOMPILE_PREFIX_HEADER = YES;
				GCC_PREFIX_HEADER = "PlaySketch/PlaySketch-Prefix.pch";
				INFOPLIST_FILE = "PlaySketchTests/PlaySketchTests-Info.plist";
				PRODUCT_NAME = "$(TARGET_NAME)";
				TEST_HOST = "$(BUNDLE_LOADER)";
				WRAPPER_EXTENSION = octest;
			};
			name = Release;
		};
/* End XCBuildConfiguration section */

/* Begin XCConfigurationList section */
		46F7A62E15B014E600C7B374 /* Build configuration list for PBXProject "PlaySketch" */ = {
			isa = XCConfigurationList;
			buildConfigurations = (
				46F7A66515B014E700C7B374 /* Debug */,
				46F7A66615B014E700C7B374 /* Release */,
			);
			defaultConfigurationIsVisible = 0;
			defaultConfigurationName = Release;
		};
		46F7A66715B014E700C7B374 /* Build configuration list for PBXNativeTarget "PlaySketch" */ = {
			isa = XCConfigurationList;
			buildConfigurations = (
				46F7A66815B014E700C7B374 /* Debug */,
				46F7A66915B014E700C7B374 /* Release */,
			);
			defaultConfigurationIsVisible = 0;
			defaultConfigurationName = Release;
		};
		46F7A66A15B014E700C7B374 /* Build configuration list for PBXNativeTarget "PlaySketchTests" */ = {
			isa = XCConfigurationList;
			buildConfigurations = (
				46F7A66B15B014E700C7B374 /* Debug */,
				46F7A66C15B014E700C7B374 /* Release */,
			);
			defaultConfigurationIsVisible = 0;
			defaultConfigurationName = Release;
		};
/* End XCConfigurationList section */

/* Begin XCVersionGroup section */
		46F7A64C15B014E700C7B374 /* PlaySketch.xcdatamodeld */ = {
			isa = XCVersionGroup;
			children = (
				46F7A64D15B014E700C7B374 /* PlaySketch.xcdatamodel */,
			);
			currentVersion = 46F7A64D15B014E700C7B374 /* PlaySketch.xcdatamodel */;
			name = PlaySketch.xcdatamodeld;
			path = PlaySketch/PlaySketch.xcdatamodeld;
			sourceTree = "<group>";
			versionGroupType = wrapper.xcdatamodel;
		};
/* End XCVersionGroup section */
	};
	rootObject = 46F7A62B15B014E600C7B374 /* Project object */;
}
